
Microsoft Visual Studio Solution File, Format Version 12.00
# Visual Studio Version 16
VisualStudioVersion = 16.0.30204.135
MinimumVisualStudioVersion = 10.0.40219.1
Project("{FAE04EC0-301F-11D3-BF4B-00C04F79EFBC}") = "CSCTask2", "CSCTask2\CSCTask2.csproj", "{5A408A57-3434-4747-8B44-40C129506630}"
EndProject
Global
	GlobalSection(SolutionConfigurationPlatforms) = preSolution
		Debug|Any CPU = Debug|Any CPU
		Release|Any CPU = Release|Any CPU
	EndGlobalSection
	GlobalSection(ProjectConfigurationPlatforms) = postSolution
		{5A408A57-3434-4747-8B44-40C129506630}.Debug|Any CPU.ActiveCfg = Debug|Any CPU
		{5A408A57-3434-4747-8B44-40C129506630}.Debug|Any CPU.Build.0 = Debug|Any CPU
		{5A408A57-3434-4747-8B44-40C129506630}.Release|Any CPU.ActiveCfg = Release|Any CPU
		{5A408A57-3434-4747-8B44-40C129506630}.Release|Any CPU.Build.0 = Release|Any CPU
	EndGlobalSection
	GlobalSection(SolutionProperties) = preSolution
		HideSolutionNode = FALSE
	EndGlobalSection
	GlobalSection(ExtensibilityGlobals) = postSolution
		SolutionGuid = {8EDE114C-1719-4E56-89DF-D63CD3F1EA0C}
	EndGlobalSection
EndGlobal
